
Microsoft Visual Studio Solution File, Format Version 12.00
# Visual Studio 15
VisualStudioVersion = 15.0.28307.421
MinimumVisualStudioVersion = 10.0.40219.1
Project("{FAE04EC0-301F-11D3-BF4B-00C04F79EFBC}") = "DailyDealWeb", "DailyDealWeb\DailyDealWeb.csproj", "{191DD5EF-EB2A-4FBE-B84A-DFFCE9B9C091}"
EndProject
Project("{FAE04EC0-301F-11D3-BF4B-00C04F79EFBC}") = "HeimkaupLib", "..\HeimkaupLib\HeimkaupLib.csproj", "{13FD716C-A625-4B98-8EDA-3974A444E600}"
EndProject
Global
	GlobalSection(SolutionConfigurationPlatforms) = preSolution
		Debug|Any CPU = Debug|Any CPU
		Release|Any CPU = Release|Any CPU
	EndGlobalSection
	GlobalSection(ProjectConfigurationPlatforms) = postSolution
		{191DD5EF-EB2A-4FBE-B84A-DFFCE9B9C091}.Debug|Any CPU.ActiveCfg = Debug|Any CPU
		{191DD5EF-EB2A-4FBE-B84A-DFFCE9B9C091}.Debug|Any CPU.Build.0 = Debug|Any CPU
		{191DD5EF-EB2A-4FBE-B84A-DFFCE9B9C091}.Release|Any CPU.ActiveCfg = Release|Any CPU
		{191DD5EF-EB2A-4FBE-B84A-DFFCE9B9C091}.Release|Any CPU.Build.0 = Release|Any CPU
		{13FD716C-A625-4B98-8EDA-3974A444E600}.Debug|Any CPU.ActiveCfg = Debug|Any CPU
		{13FD716C-A625-4B98-8EDA-3974A444E600}.Debug|Any CPU.Build.0 = Debug|Any CPU
		{13FD716C-A625-4B98-8EDA-3974A444E600}.Release|Any CPU.ActiveCfg = Release|Any CPU
		{13FD716C-A625-4B98-8EDA-3974A444E600}.Release|Any CPU.Build.0 = Release|Any CPU
	EndGlobalSection
	GlobalSection(SolutionProperties) = preSolution
		HideSolutionNode = FALSE
	EndGlobalSection
	GlobalSection(ExtensibilityGlobals) = postSolution
		SolutionGuid = {2F15462E-E880-478F-899E-4463C1066412}
	EndGlobalSection
EndGlobal
